
Microsoft Visual Studio Solution File, Format Version 12.00
# Visual Studio Version 17
VisualStudioVersion = 17.11.35327.3
MinimumVisualStudioVersion = 10.0.40219.1
Project("{9A19103F-16F7-4668-BE54-9A1E7A4F7556}") = "Ex01", "Ex01\Ex01.csproj", "{4B5FCC93-66E6-452C-81E1-202C38531F73}"
EndProject
Project("{9A19103F-16F7-4668-BE54-9A1E7A4F7556}") = "ex02", "ex02\ex02.csproj", "{9838EB8F-5333-42BC-9132-4548EA1F3C06}"
EndProject
Project("{9A19103F-16F7-4668-BE54-9A1E7A4F7556}") = "ex03", "ex03\ex03.csproj", "{AADE7BBA-B2AE-4ABA-8C4A-747261DE2332}"
EndProject
Project("{9A19103F-16F7-4668-BE54-9A1E7A4F7556}") = "ex04", "ex04\ex04.csproj", "{6D069524-9357-489B-A4F7-25032E8D1141}"
EndProject
Project("{FAE04EC0-301F-11D3-BF4B-00C04F79EFBC}") = "ex05", "ex05\ex05.csproj", "{2EC04754-C6E8-4645-B8CE-47E091ABD577}"
EndProject
Project("{FAE04EC0-301F-11D3-BF4B-00C04F79EFBC}") = "ex06", "ex06\ex06.csproj", "{3C55FA22-4F48-4118-B1DC-8712AF23B272}"
EndProject
Global
	GlobalSection(SolutionConfigurationPlatforms) = preSolution
		Debug|Any CPU = Debug|Any CPU
		Release|Any CPU = Release|Any CPU
	EndGlobalSection
	GlobalSection(ProjectConfigurationPlatforms) = postSolution
		{4B5FCC93-66E6-452C-81E1-202C38531F73}.Debug|Any CPU.ActiveCfg = Debug|Any CPU
		{4B5FCC93-66E6-452C-81E1-202C38531F73}.Debug|Any CPU.Build.0 = Debug|Any CPU
		{4B5FCC93-66E6-452C-81E1-202C38531F73}.Release|Any CPU.ActiveCfg = Release|Any CPU
		{4B5FCC93-66E6-452C-81E1-202C38531F73}.Release|Any CPU.Build.0 = Release|Any CPU
		{9838EB8F-5333-42BC-9132-4548EA1F3C06}.Debug|Any CPU.ActiveCfg = Debug|Any CPU
		{9838EB8F-5333-42BC-9132-4548EA1F3C06}.Debug|Any CPU.Build.0 = Debug|Any CPU
		{9838EB8F-5333-42BC-9132-4548EA1F3C06}.Release|Any CPU.ActiveCfg = Release|Any CPU
		{9838EB8F-5333-42BC-9132-4548EA1F3C06}.Release|Any CPU.Build.0 = Release|Any CPU
		{AADE7BBA-B2AE-4ABA-8C4A-747261DE2332}.Debug|Any CPU.ActiveCfg = Debug|Any CPU
		{AADE7BBA-B2AE-4ABA-8C4A-747261DE2332}.Debug|Any CPU.Build.0 = Debug|Any CPU
		{AADE7BBA-B2AE-4ABA-8C4A-747261DE2332}.Release|Any CPU.ActiveCfg = Release|Any CPU
		{AADE7BBA-B2AE-4ABA-8C4A-747261DE2332}.Release|Any CPU.Build.0 = Release|Any CPU
		{6D069524-9357-489B-A4F7-25032E8D1141}.Debug|Any CPU.ActiveCfg = Debug|Any CPU
		{6D069524-9357-489B-A4F7-25032E8D1141}.Debug|Any CPU.Build.0 = Debug|Any CPU
		{6D069524-9357-489B-A4F7-25032E8D1141}.Release|Any CPU.ActiveCfg = Release|Any CPU
		{6D069524-9357-489B-A4F7-25032E8D1141}.Release|Any CPU.Build.0 = Release|Any CPU
		{2EC04754-C6E8-4645-B8CE-47E091ABD577}.Debug|Any CPU.ActiveCfg = Debug|Any CPU
		{2EC04754-C6E8-4645-B8CE-47E091ABD577}.Debug|Any CPU.Build.0 = Debug|Any CPU
		{2EC04754-C6E8-4645-B8CE-47E091ABD577}.Release|Any CPU.ActiveCfg = Release|Any CPU
		{2EC04754-C6E8-4645-B8CE-47E091ABD577}.Release|Any CPU.Build.0 = Release|Any CPU
		{3C55FA22-4F48-4118-B1DC-8712AF23B272}.Debug|Any CPU.ActiveCfg = Debug|Any CPU
		{3C55FA22-4F48-4118-B1DC-8712AF23B272}.Debug|Any CPU.Build.0 = Debug|Any CPU
		{3C55FA22-4F48-4118-B1DC-8712AF23B272}.Release|Any CPU.ActiveCfg = Release|Any CPU
		{3C55FA22-4F48-4118-B1DC-8712AF23B272}.Release|Any CPU.Build.0 = Release|Any CPU
	EndGlobalSection
	GlobalSection(SolutionProperties) = preSolution
		HideSolutionNode = FALSE
	EndGlobalSection
	GlobalSection(ExtensibilityGlobals) = postSolution
		SolutionGuid = {C5735B4D-3A92-4B56-AC96-BE2C98A938E7}
	EndGlobalSection
EndGlobal
